
Microsoft Visual Studio Solution File, Format Version 12.00
# Visual Studio Version 16
VisualStudioVersion = 16.0.31019.35
MinimumVisualStudioVersion = 10.0.40219.1
Project("{9A19103F-16F7-4668-BE54-9A1E7A4F7556}") = "Business", "Business\Business.csproj", "{CE7ACCF7-DF50-4C4D-8874-1C24087D5B4A}"
EndProject
Project("{9A19103F-16F7-4668-BE54-9A1E7A4F7556}") = "DataAccess", "DataAccess\DataAccess.csproj", "{893E6F74-C821-4223-84A7-E542768218E6}"
EndProject
Project("{9A19103F-16F7-4668-BE54-9A1E7A4F7556}") = "Entities", "Entities\Entities.csproj", "{24BEC315-4F29-4CC0-A2AF-FEF7545BFF3E}"
EndProject
Project("{9A19103F-16F7-4668-BE54-9A1E7A4F7556}") = "ConsoleUI", "ConsoleUI\ConsoleUI.csproj", "{845FEB77-3088-44B0-A58C-0CD671790270}"
EndProject
Project("{FAE04EC0-301F-11D3-BF4B-00C04F79EFBC}") = "Core", "Core\Core.csproj", "{2DDD51AC-5E60-49FA-A84A-7E0A634425DF}"
EndProject
Global
	GlobalSection(SolutionConfigurationPlatforms) = preSolution
		Debug|Any CPU = Debug|Any CPU
		Release|Any CPU = Release|Any CPU
	EndGlobalSection
	GlobalSection(ProjectConfigurationPlatforms) = postSolution
		{CE7ACCF7-DF50-4C4D-8874-1C24087D5B4A}.Debug|Any CPU.ActiveCfg = Debug|Any CPU
		{CE7ACCF7-DF50-4C4D-8874-1C24087D5B4A}.Debug|Any CPU.Build.0 = Debug|Any CPU
		{CE7ACCF7-DF50-4C4D-8874-1C24087D5B4A}.Release|Any CPU.ActiveCfg = Release|Any CPU
		{CE7ACCF7-DF50-4C4D-8874-1C24087D5B4A}.Release|Any CPU.Build.0 = Release|Any CPU
		{893E6F74-C821-4223-84A7-E542768218E6}.Debug|Any CPU.ActiveCfg = Debug|Any CPU
		{893E6F74-C821-4223-84A7-E542768218E6}.Debug|Any CPU.Build.0 = Debug|Any CPU
		{893E6F74-C821-4223-84A7-E542768218E6}.Release|Any CPU.ActiveCfg = Release|Any CPU
		{893E6F74-C821-4223-84A7-E542768218E6}.Release|Any CPU.Build.0 = Release|Any CPU
		{24BEC315-4F29-4CC0-A2AF-FEF7545BFF3E}.Debug|Any CPU.ActiveCfg = Debug|Any CPU
		{24BEC315-4F29-4CC0-A2AF-FEF7545BFF3E}.Debug|Any CPU.Build.0 = Debug|Any CPU
		{24BEC315-4F29-4CC0-A2AF-FEF7545BFF3E}.Release|Any CPU.ActiveCfg = Release|Any CPU
		{24BEC315-4F29-4CC0-A2AF-FEF7545BFF3E}.Release|Any CPU.Build.0 = Release|Any CPU
		{845FEB77-3088-44B0-A58C-0CD671790270}.Debug|Any CPU.ActiveCfg = Debug|Any CPU
		{845FEB77-3088-44B0-A58C-0CD671790270}.Debug|Any CPU.Build.0 = Debug|Any CPU
		{845FEB77-3088-44B0-A58C-0CD671790270}.Release|Any CPU.ActiveCfg = Release|Any CPU
		{845FEB77-3088-44B0-A58C-0CD671790270}.Release|Any CPU.Build.0 = Release|Any CPU
		{2DDD51AC-5E60-49FA-A84A-7E0A634425DF}.Debug|Any CPU.ActiveCfg = Debug|Any CPU
		{2DDD51AC-5E60-49FA-A84A-7E0A634425DF}.Debug|Any CPU.Build.0 = Debug|Any CPU
		{2DDD51AC-5E60-49FA-A84A-7E0A634425DF}.Release|Any CPU.ActiveCfg = Release|Any CPU
		{2DDD51AC-5E60-49FA-A84A-7E0A634425DF}.Release|Any CPU.Build.0 = Release|Any CPU
	EndGlobalSection
	GlobalSection(SolutionProperties) = preSolution
		HideSolutionNode = FALSE
	EndGlobalSection
	GlobalSection(ExtensibilityGlobals) = postSolution
		SolutionGuid = {40260659-8607-4506-AD8A-A51BF01FF09A}
	EndGlobalSection
EndGlobal
